// !$*UTF8*$!
{
	archiveVersion = 1;
	classes = {
	};
	objectVersion = 51;
	objects = {

/* Begin PBXBuildFile section */
		166E4CA426D77BFD0025EE25 /* AppDelegate.swift in Sources */ = {isa = PBXBuildFile; fileRef = 166E4CA326D77BFD0025EE25 /* AppDelegate.swift */; };
		166E4CAB26D77BFD0025EE25 /* Main.storyboard in Resources */ = {isa = PBXBuildFile; fileRef = 166E4CA926D77BFD0025EE25 /* Main.storyboard */; };
		166E4CAD26D77BFE0025EE25 /* Assets.xcassets in Resources */ = {isa = PBXBuildFile; fileRef = 166E4CAC26D77BFE0025EE25 /* Assets.xcassets */; };
		166E4CB026D77BFE0025EE25 /* LaunchScreen.storyboard in Resources */ = {isa = PBXBuildFile; fileRef = 166E4CAE26D77BFE0025EE25 /* LaunchScreen.storyboard */; };
		166E4CBB26D77BFF0025EE25 /* GithubSearchListTests.swift in Sources */ = {isa = PBXBuildFile; fileRef = 166E4CBA26D77BFF0025EE25 /* GithubSearchListTests.swift */; };
		166E4CC626D77BFF0025EE25 /* GithubSearchListUITests.swift in Sources */ = {isa = PBXBuildFile; fileRef = 166E4CC526D77BFF0025EE25 /* GithubSearchListUITests.swift */; };
		166E4CD826D7B1320025EE25 /* NetworkService.swift in Sources */ = {isa = PBXBuildFile; fileRef = 166E4CD726D7B1320025EE25 /* NetworkService.swift */; };
		166E4CDA26D7B2FE0025EE25 /* NetworkUtils.swift in Sources */ = {isa = PBXBuildFile; fileRef = 166E4CD926D7B2FE0025EE25 /* NetworkUtils.swift */; };
		166E4CDD26D7B3330025EE25 /* ObservableType.swift in Sources */ = {isa = PBXBuildFile; fileRef = 166E4CDC26D7B3330025EE25 /* ObservableType.swift */; };
		166E4CDF26D7B3440025EE25 /* ObserverbleType+Compose.swift in Sources */ = {isa = PBXBuildFile; fileRef = 166E4CDE26D7B3440025EE25 /* ObserverbleType+Compose.swift */; };
		166E4CE426D7B52C0025EE25 /* SearchViewController.swift in Sources */ = {isa = PBXBuildFile; fileRef = 166E4CE326D7B52C0025EE25 /* SearchViewController.swift */; };
		166E4CE626D7B5390025EE25 /* SearchViewModel.swift in Sources */ = {isa = PBXBuildFile; fileRef = 166E4CE526D7B5390025EE25 /* SearchViewModel.swift */; };
		166E4CE926D7B7090025EE25 /* Repository.swift in Sources */ = {isa = PBXBuildFile; fileRef = 166E4CE826D7B7090025EE25 /* Repository.swift */; };
		166E4CEC26D7BBDE0025EE25 /* NetworkAPI.swift in Sources */ = {isa = PBXBuildFile; fileRef = 166E4CEB26D7BBDE0025EE25 /* NetworkAPI.swift */; };
		396E95475D309AE65E843987 /* Pods_GithubSearchList.framework in Frameworks */ = {isa = PBXBuildFile; fileRef = 6904F6927709DCA105C7CA98 /* Pods_GithubSearchList.framework */; };
		E05F6742E5D56BDFD5ABB730 /* Pods_GithubSearchList_GithubSearchListUITests.framework in Frameworks */ = {isa = PBXBuildFile; fileRef = 339F7A1A0169DE0D98FD784B /* Pods_GithubSearchList_GithubSearchListUITests.framework */; };
		F9FA892094BFB02DF1C23B7F /* Pods_GithubSearchListTests.framework in Frameworks */ = {isa = PBXBuildFile; fileRef = 5540B3644AD5E653A1C5F6D1 /* Pods_GithubSearchListTests.framework */; };
/* End PBXBuildFile section */

/* Begin PBXContainerItemProxy section */
		166E4CB726D77BFF0025EE25 /* PBXContainerItemProxy */ = {
			isa = PBXContainerItemProxy;
			containerPortal = 166E4C9826D77BFD0025EE25 /* Project object */;
			proxyType = 1;
			remoteGlobalIDString = 166E4C9F26D77BFD0025EE25;
			remoteInfo = GithubSearchList;
		};
		166E4CC226D77BFF0025EE25 /* PBXContainerItemProxy */ = {
			isa = PBXContainerItemProxy;
			containerPortal = 166E4C9826D77BFD0025EE25 /* Project object */;
			proxyType = 1;
			remoteGlobalIDString = 166E4C9F26D77BFD0025EE25;
			remoteInfo = GithubSearchList;
		};
/* End PBXContainerItemProxy section */

/* Begin PBXFileReference section */
		0224C091BA2A773E240EDC1F /* Pods-GithubSearchListTests.release.xcconfig */ = {isa = PBXFileReference; includeInIndex = 1; lastKnownFileType = text.xcconfig; name = "Pods-GithubSearchListTests.release.xcconfig"; path = "Target Support Files/Pods-GithubSearchListTests/Pods-GithubSearchListTests.release.xcconfig"; sourceTree = "<group>"; };
		166E4CA026D77BFD0025EE25 /* GithubSearchList.app */ = {isa = PBXFileReference; explicitFileType = wrapper.application; includeInIndex = 0; path = GithubSearchList.app; sourceTree = BUILT_PRODUCTS_DIR; };
		166E4CA326D77BFD0025EE25 /* AppDelegate.swift */ = {isa = PBXFileReference; lastKnownFileType = sourcecode.swift; path = AppDelegate.swift; sourceTree = "<group>"; };
		166E4CAA26D77BFD0025EE25 /* Base */ = {isa = PBXFileReference; lastKnownFileType = file.storyboard; name = Base; path = Base.lproj/Main.storyboard; sourceTree = "<group>"; };
		166E4CAC26D77BFE0025EE25 /* Assets.xcassets */ = {isa = PBXFileReference; lastKnownFileType = folder.assetcatalog; path = Assets.xcassets; sourceTree = "<group>"; };
		166E4CAF26D77BFE0025EE25 /* Base */ = {isa = PBXFileReference; lastKnownFileType = file.storyboard; name = Base; path = Base.lproj/LaunchScreen.storyboard; sourceTree = "<group>"; };
		166E4CB126D77BFE0025EE25 /* Info.plist */ = {isa = PBXFileReference; lastKnownFileType = text.plist.xml; path = Info.plist; sourceTree = "<group>"; };
		166E4CB626D77BFF0025EE25 /* GithubSearchListTests.xctest */ = {isa = PBXFileReference; explicitFileType = wrapper.cfbundle; includeInIndex = 0; path = GithubSearchListTests.xctest; sourceTree = BUILT_PRODUCTS_DIR; };
		166E4CBA26D77BFF0025EE25 /* GithubSearchListTests.swift */ = {isa = PBXFileReference; lastKnownFileType = sourcecode.swift; path = GithubSearchListTests.swift; sourceTree = "<group>"; };
		166E4CBC26D77BFF0025EE25 /* Info.plist */ = {isa = PBXFileReference; lastKnownFileType = text.plist.xml; path = Info.plist; sourceTree = "<group>"; };
		166E4CC126D77BFF0025EE25 /* GithubSearchListUITests.xctest */ = {isa = PBXFileReference; explicitFileType = wrapper.cfbundle; includeInIndex = 0; path = GithubSearchListUITests.xctest; sourceTree = BUILT_PRODUCTS_DIR; };
		166E4CC526D77BFF0025EE25 /* GithubSearchListUITests.swift */ = {isa = PBXFileReference; lastKnownFileType = sourcecode.swift; path = GithubSearchListUITests.swift; sourceTree = "<group>"; };
		166E4CC726D77BFF0025EE25 /* Info.plist */ = {isa = PBXFileReference; lastKnownFileType = text.plist.xml; path = Info.plist; sourceTree = "<group>"; };
		166E4CD726D7B1320025EE25 /* NetworkService.swift */ = {isa = PBXFileReference; lastKnownFileType = sourcecode.swift; path = NetworkService.swift; sourceTree = "<group>"; };
		166E4CD926D7B2FE0025EE25 /* NetworkUtils.swift */ = {isa = PBXFileReference; lastKnownFileType = sourcecode.swift; path = NetworkUtils.swift; sourceTree = "<group>"; };
		166E4CDC26D7B3330025EE25 /* ObservableType.swift */ = {isa = PBXFileReference; lastKnownFileType = sourcecode.swift; path = ObservableType.swift; sourceTree = "<group>"; };
		166E4CDE26D7B3440025EE25 /* ObserverbleType+Compose.swift */ = {isa = PBXFileReference; lastKnownFileType = sourcecode.swift; path = "ObserverbleType+Compose.swift"; sourceTree = "<group>"; };
		166E4CE326D7B52C0025EE25 /* SearchViewController.swift */ = {isa = PBXFileReference; lastKnownFileType = sourcecode.swift; path = SearchViewController.swift; sourceTree = "<group>"; };
		166E4CE526D7B5390025EE25 /* SearchViewModel.swift */ = {isa = PBXFileReference; lastKnownFileType = sourcecode.swift; path = SearchViewModel.swift; sourceTree = "<group>"; };
		166E4CE826D7B7090025EE25 /* Repository.swift */ = {isa = PBXFileReference; lastKnownFileType = sourcecode.swift; path = Repository.swift; sourceTree = "<group>"; };
		166E4CEB26D7BBDE0025EE25 /* NetworkAPI.swift */ = {isa = PBXFileReference; lastKnownFileType = sourcecode.swift; path = NetworkAPI.swift; sourceTree = "<group>"; };
		339F7A1A0169DE0D98FD784B /* Pods_GithubSearchList_GithubSearchListUITests.framework */ = {isa = PBXFileReference; explicitFileType = wrapper.framework; includeInIndex = 0; path = Pods_GithubSearchList_GithubSearchListUITests.framework; sourceTree = BUILT_PRODUCTS_DIR; };
		5540B3644AD5E653A1C5F6D1 /* Pods_GithubSearchListTests.framework */ = {isa = PBXFileReference; explicitFileType = wrapper.framework; includeInIndex = 0; path = Pods_GithubSearchListTests.framework; sourceTree = BUILT_PRODUCTS_DIR; };
		6904F6927709DCA105C7CA98 /* Pods_GithubSearchList.framework */ = {isa = PBXFileReference; explicitFileType = wrapper.framework; includeInIndex = 0; path = Pods_GithubSearchList.framework; sourceTree = BUILT_PRODUCTS_DIR; };
		76BC3AECE2A8B49A5AAEABDA /* Pods-GithubSearchList-GithubSearchListUITests.release.xcconfig */ = {isa = PBXFileReference; includeInIndex = 1; lastKnownFileType = text.xcconfig; name = "Pods-GithubSearchList-GithubSearchListUITests.release.xcconfig"; path = "Target Support Files/Pods-GithubSearchList-GithubSearchListUITests/Pods-GithubSearchList-GithubSearchListUITests.release.xcconfig"; sourceTree = "<group>"; };
		76EC5028C4EAE344B634C4A9 /* Pods-GithubSearchList.debug.xcconfig */ = {isa = PBXFileReference; includeInIndex = 1; lastKnownFileType = text.xcconfig; name = "Pods-GithubSearchList.debug.xcconfig"; path = "Target Support Files/Pods-GithubSearchList/Pods-GithubSearchList.debug.xcconfig"; sourceTree = "<group>"; };
		9C29F529B83B3906EF789EF1 /* Pods-GithubSearchList.release.xcconfig */ = {isa = PBXFileReference; includeInIndex = 1; lastKnownFileType = text.xcconfig; name = "Pods-GithubSearchList.release.xcconfig"; path = "Target Support Files/Pods-GithubSearchList/Pods-GithubSearchList.release.xcconfig"; sourceTree = "<group>"; };
		DB63A7A0DDF482869C6DC39E /* Pods-GithubSearchListTests.debug.xcconfig */ = {isa = PBXFileReference; includeInIndex = 1; lastKnownFileType = text.xcconfig; name = "Pods-GithubSearchListTests.debug.xcconfig"; path = "Target Support Files/Pods-GithubSearchListTests/Pods-GithubSearchListTests.debug.xcconfig"; sourceTree = "<group>"; };
		EBCDD81F3EA0B72F5FCC5402 /* Pods-GithubSearchList-GithubSearchListUITests.debug.xcconfig */ = {isa = PBXFileReference; includeInIndex = 1; lastKnownFileType = text.xcconfig; name = "Pods-GithubSearchList-GithubSearchListUITests.debug.xcconfig"; path = "Target Support Files/Pods-GithubSearchList-GithubSearchListUITests/Pods-GithubSearchList-GithubSearchListUITests.debug.xcconfig"; sourceTree = "<group>"; };
/* End PBXFileReference section */

/* Begin PBXFrameworksBuildPhase section */
		166E4C9D26D77BFD0025EE25 /* Frameworks */ = {
			isa = PBXFrameworksBuildPhase;
			buildActionMask = 2147483647;
			files = (
				396E95475D309AE65E843987 /* Pods_GithubSearchList.framework in Frameworks */,
			);
			runOnlyForDeploymentPostprocessing = 0;
		};
		166E4CB326D77BFF0025EE25 /* Frameworks */ = {
			isa = PBXFrameworksBuildPhase;
			buildActionMask = 2147483647;
			files = (
				F9FA892094BFB02DF1C23B7F /* Pods_GithubSearchListTests.framework in Frameworks */,
			);
			runOnlyForDeploymentPostprocessing = 0;
		};
		166E4CBE26D77BFF0025EE25 /* Frameworks */ = {
			isa = PBXFrameworksBuildPhase;
			buildActionMask = 2147483647;
			files = (
				E05F6742E5D56BDFD5ABB730 /* Pods_GithubSearchList_GithubSearchListUITests.framework in Frameworks */,
			);
			runOnlyForDeploymentPostprocessing = 0;
		};
/* End PBXFrameworksBuildPhase section */

/* Begin PBXGroup section */
		166E4C9726D77BFD0025EE25 = {
			isa = PBXGroup;
			children = (
				166E4CA226D77BFD0025EE25 /* GithubSearchList */,
				166E4CB926D77BFF0025EE25 /* GithubSearchListTests */,
				166E4CC426D77BFF0025EE25 /* GithubSearchListUITests */,
				166E4CA126D77BFD0025EE25 /* Products */,
				E961B22CA0922843EB0D1DE2 /* Pods */,
				20E7C68758A9FDF083825E55 /* Frameworks */,
			);
			sourceTree = "<group>";
		};
		166E4CA126D77BFD0025EE25 /* Products */ = {
			isa = PBXGroup;
			children = (
				166E4CA026D77BFD0025EE25 /* GithubSearchList.app */,
				166E4CB626D77BFF0025EE25 /* GithubSearchListTests.xctest */,
				166E4CC126D77BFF0025EE25 /* GithubSearchListUITests.xctest */,
			);
			name = Products;
			sourceTree = "<group>";
		};
		166E4CA226D77BFD0025EE25 /* GithubSearchList */ = {
			isa = PBXGroup;
			children = (
				166E4CE726D7B7050025EE25 /* Model */,
				166E4CE026D7B5140025EE25 /* Scenes */,
				166E4CD526D7B0FE0025EE25 /* Common */,
				166E4CA326D77BFD0025EE25 /* AppDelegate.swift */,
				166E4CA926D77BFD0025EE25 /* Main.storyboard */,
				166E4CAC26D77BFE0025EE25 /* Assets.xcassets */,
				166E4CAE26D77BFE0025EE25 /* LaunchScreen.storyboard */,
				166E4CB126D77BFE0025EE25 /* Info.plist */,
			);
			path = GithubSearchList;
			sourceTree = "<group>";
		};
		166E4CB926D77BFF0025EE25 /* GithubSearchListTests */ = {
			isa = PBXGroup;
			children = (
				166E4CBA26D77BFF0025EE25 /* GithubSearchListTests.swift */,
				166E4CBC26D77BFF0025EE25 /* Info.plist */,
			);
			path = GithubSearchListTests;
			sourceTree = "<group>";
		};
		166E4CC426D77BFF0025EE25 /* GithubSearchListUITests */ = {
			isa = PBXGroup;
			children = (
				166E4CC526D77BFF0025EE25 /* GithubSearchListUITests.swift */,
				166E4CC726D77BFF0025EE25 /* Info.plist */,
			);
			path = GithubSearchListUITests;
			sourceTree = "<group>";
		};
		166E4CD526D7B0FE0025EE25 /* Common */ = {
			isa = PBXGroup;
			children = (
				166E4CD626D7B1030025EE25 /* Network */,
			);
			path = Common;
			sourceTree = "<group>";
		};
		166E4CD626D7B1030025EE25 /* Network */ = {
			isa = PBXGroup;
			children = (
				166E4CDB26D7B3280025EE25 /* Extension */,
				166E4CD726D7B1320025EE25 /* NetworkService.swift */,
				166E4CD926D7B2FE0025EE25 /* NetworkUtils.swift */,
				166E4CEB26D7BBDE0025EE25 /* NetworkAPI.swift */,
			);
			path = Network;
			sourceTree = "<group>";
		};
		166E4CDB26D7B3280025EE25 /* Extension */ = {
			isa = PBXGroup;
			children = (
				166E4CDC26D7B3330025EE25 /* ObservableType.swift */,
				166E4CDE26D7B3440025EE25 /* ObserverbleType+Compose.swift */,
			);
			path = Extension;
			sourceTree = "<group>";
		};
		166E4CE026D7B5140025EE25 /* Scenes */ = {
			isa = PBXGroup;
			children = (
				166E4CE126D7B5190025EE25 /* Search */,
			);
			path = Scenes;
			sourceTree = "<group>";
		};
		166E4CE126D7B5190025EE25 /* Search */ = {
			isa = PBXGroup;
			children = (
				166E4CE326D7B52C0025EE25 /* SearchViewController.swift */,
				166E4CE526D7B5390025EE25 /* SearchViewModel.swift */,
			);
			path = Search;
			sourceTree = "<group>";
		};
		166E4CE726D7B7050025EE25 /* Model */ = {
			isa = PBXGroup;
			children = (
				166E4CE826D7B7090025EE25 /* Repository.swift */,
			);
			path = Model;
			sourceTree = "<group>";
		};
		20E7C68758A9FDF083825E55 /* Frameworks */ = {
			isa = PBXGroup;
			children = (
				6904F6927709DCA105C7CA98 /* Pods_GithubSearchList.framework */,
				339F7A1A0169DE0D98FD784B /* Pods_GithubSearchList_GithubSearchListUITests.framework */,
				5540B3644AD5E653A1C5F6D1 /* Pods_GithubSearchListTests.framework */,
			);
			name = Frameworks;
			sourceTree = "<group>";
		};
		E961B22CA0922843EB0D1DE2 /* Pods */ = {
			isa = PBXGroup;
			children = (
				76EC5028C4EAE344B634C4A9 /* Pods-GithubSearchList.debug.xcconfig */,
				9C29F529B83B3906EF789EF1 /* Pods-GithubSearchList.release.xcconfig */,
				EBCDD81F3EA0B72F5FCC5402 /* Pods-GithubSearchList-GithubSearchListUITests.debug.xcconfig */,
				76BC3AECE2A8B49A5AAEABDA /* Pods-GithubSearchList-GithubSearchListUITests.release.xcconfig */,
				DB63A7A0DDF482869C6DC39E /* Pods-GithubSearchListTests.debug.xcconfig */,
				0224C091BA2A773E240EDC1F /* Pods-GithubSearchListTests.release.xcconfig */,
			);
			path = Pods;
			sourceTree = "<group>";
		};
/* End PBXGroup section */

/* Begin PBXNativeTarget section */
		166E4C9F26D77BFD0025EE25 /* GithubSearchList */ = {
			isa = PBXNativeTarget;
			buildConfigurationList = 166E4CCA26D77BFF0025EE25 /* Build configuration list for PBXNativeTarget "GithubSearchList" */;
			buildPhases = (
				4FA3B7415F11C0FBEEB635D0 /* [CP] Check Pods Manifest.lock */,
				166E4C9C26D77BFD0025EE25 /* Sources */,
				166E4C9D26D77BFD0025EE25 /* Frameworks */,
				166E4C9E26D77BFD0025EE25 /* Resources */,
				CDAE168BE064B709D1CAACE2 /* [CP] Embed Pods Frameworks */,
			);
			buildRules = (
			);
			dependencies = (
			);
			name = GithubSearchList;
			productName = GithubSearchList;
			productReference = 166E4CA026D77BFD0025EE25 /* GithubSearchList.app */;
			productType = "com.apple.product-type.application";
		};
		166E4CB526D77BFF0025EE25 /* GithubSearchListTests */ = {
			isa = PBXNativeTarget;
			buildConfigurationList = 166E4CCD26D77BFF0025EE25 /* Build configuration list for PBXNativeTarget "GithubSearchListTests" */;
			buildPhases = (
				BA79C40447CE8340D2E56F1A /* [CP] Check Pods Manifest.lock */,
				166E4CB226D77BFF0025EE25 /* Sources */,
				166E4CB326D77BFF0025EE25 /* Frameworks */,
				166E4CB426D77BFF0025EE25 /* Resources */,
			);
			buildRules = (
			);
			dependencies = (
				166E4CB826D77BFF0025EE25 /* PBXTargetDependency */,
			);
			name = GithubSearchListTests;
			productName = GithubSearchListTests;
			productReference = 166E4CB626D77BFF0025EE25 /* GithubSearchListTests.xctest */;
			productType = "com.apple.product-type.bundle.unit-test";
		};
		166E4CC026D77BFF0025EE25 /* GithubSearchListUITests */ = {
			isa = PBXNativeTarget;
			buildConfigurationList = 166E4CD026D77BFF0025EE25 /* Build configuration list for PBXNativeTarget "GithubSearchListUITests" */;
			buildPhases = (
				DAC8B3D758BD3E6783F13033 /* [CP] Check Pods Manifest.lock */,
				166E4CBD26D77BFF0025EE25 /* Sources */,
				166E4CBE26D77BFF0025EE25 /* Frameworks */,
				166E4CBF26D77BFF0025EE25 /* Resources */,
				930E178F7E83B16EC2343D65 /* [CP] Embed Pods Frameworks */,
			);
			buildRules = (
			);
			dependencies = (
				166E4CC326D77BFF0025EE25 /* PBXTargetDependency */,
			);
			name = GithubSearchListUITests;
			productName = GithubSearchListUITests;
			productReference = 166E4CC126D77BFF0025EE25 /* GithubSearchListUITests.xctest */;
			productType = "com.apple.product-type.bundle.ui-testing";
		};
/* End PBXNativeTarget section */

/* Begin PBXProject section */
		166E4C9826D77BFD0025EE25 /* Project object */ = {
			isa = PBXProject;
			attributes = {
				LastSwiftUpdateCheck = 1250;
				LastUpgradeCheck = 1250;
				TargetAttributes = {
					166E4C9F26D77BFD0025EE25 = {
						CreatedOnToolsVersion = 12.5.1;
					};
					166E4CB526D77BFF0025EE25 = {
						CreatedOnToolsVersion = 12.5.1;
						TestTargetID = 166E4C9F26D77BFD0025EE25;
					};
					166E4CC026D77BFF0025EE25 = {
						CreatedOnToolsVersion = 12.5.1;
						TestTargetID = 166E4C9F26D77BFD0025EE25;
					};
				};
			};
			buildConfigurationList = 166E4C9B26D77BFD0025EE25 /* Build configuration list for PBXProject "GithubSearchList" */;
			compatibilityVersion = "Xcode 9.3";
			developmentRegion = en;
			hasScannedForEncodings = 0;
			knownRegions = (
				en,
				Base,
			);
			mainGroup = 166E4C9726D77BFD0025EE25;
			productRefGroup = 166E4CA126D77BFD0025EE25 /* Products */;
			projectDirPath = "";
			projectRoot = "";
			targets = (
				166E4C9F26D77BFD0025EE25 /* GithubSearchList */,
				166E4CB526D77BFF0025EE25 /* GithubSearchListTests */,
				166E4CC026D77BFF0025EE25 /* GithubSearchListUITests */,
			);
		};
/* End PBXProject section */

/* Begin PBXResourcesBuildPhase section */
		166E4C9E26D77BFD0025EE25 /* Resources */ = {
			isa = PBXResourcesBuildPhase;
			buildActionMask = 2147483647;
			files = (
				166E4CB026D77BFE0025EE25 /* LaunchScreen.storyboard in Resources */,
				166E4CAD26D77BFE0025EE25 /* Assets.xcassets in Resources */,
				166E4CAB26D77BFD0025EE25 /* Main.storyboard in Resources */,
			);
			runOnlyForDeploymentPostprocessing = 0;
		};
		166E4CB426D77BFF0025EE25 /* Resources */ = {
			isa = PBXResourcesBuildPhase;
			buildActionMask = 2147483647;
			files = (
			);
			runOnlyForDeploymentPostprocessing = 0;
		};
		166E4CBF26D77BFF0025EE25 /* Resources */ = {
			isa = PBXResourcesBuildPhase;
			buildActionMask = 2147483647;
			files = (
			);
			runOnlyForDeploymentPostprocessing = 0;
		};
/* End PBXResourcesBuildPhase section */

/* Begin PBXShellScriptBuildPhase section */
		4FA3B7415F11C0FBEEB635D0 /* [CP] Check Pods Manifest.lock */ = {
			isa = PBXShellScriptBuildPhase;
			buildActionMask = 2147483647;
			files = (
			);
			inputFileListPaths = (
			);
			inputPaths = (
				"${PODS_PODFILE_DIR_PATH}/Podfile.lock",
				"${PODS_ROOT}/Manifest.lock",
			);
			name = "[CP] Check Pods Manifest.lock";
			outputFileListPaths = (
			);
			outputPaths = (
				"$(DERIVED_FILE_DIR)/Pods-GithubSearchList-checkManifestLockResult.txt",
			);
			runOnlyForDeploymentPostprocessing = 0;
			shellPath = /bin/sh;
			shellScript = "diff \"${PODS_PODFILE_DIR_PATH}/Podfile.lock\" \"${PODS_ROOT}/Manifest.lock\" > /dev/null\nif [ $? != 0 ] ; then\n    # print error to STDERR\n    echo \"error: The sandbox is not in sync with the Podfile.lock. Run 'pod install' or update your CocoaPods installation.\" >&2\n    exit 1\nfi\n# This output is used by Xcode 'outputs' to avoid re-running this script phase.\necho \"SUCCESS\" > \"${SCRIPT_OUTPUT_FILE_0}\"\n";
			showEnvVarsInLog = 0;
		};
		930E178F7E83B16EC2343D65 /* [CP] Embed Pods Frameworks */ = {
			isa = PBXShellScriptBuildPhase;
			buildActionMask = 2147483647;
			files = (
			);
			inputFileListPaths = (
				"${PODS_ROOT}/Target Support Files/Pods-GithubSearchList-GithubSearchListUITests/Pods-GithubSearchList-GithubSearchListUITests-frameworks-${CONFIGURATION}-input-files.xcfilelist",
			);
			name = "[CP] Embed Pods Frameworks";
			outputFileListPaths = (
				"${PODS_ROOT}/Target Support Files/Pods-GithubSearchList-GithubSearchListUITests/Pods-GithubSearchList-GithubSearchListUITests-frameworks-${CONFIGURATION}-output-files.xcfilelist",
			);
			runOnlyForDeploymentPostprocessing = 0;
			shellPath = /bin/sh;
			shellScript = "\"${PODS_ROOT}/Target Support Files/Pods-GithubSearchList-GithubSearchListUITests/Pods-GithubSearchList-GithubSearchListUITests-frameworks.sh\"\n";
			showEnvVarsInLog = 0;
		};
		BA79C40447CE8340D2E56F1A /* [CP] Check Pods Manifest.lock */ = {
			isa = PBXShellScriptBuildPhase;
			buildActionMask = 2147483647;
			files = (
			);
			inputFileListPaths = (
			);
			inputPaths = (
				"${PODS_PODFILE_DIR_PATH}/Podfile.lock",
				"${PODS_ROOT}/Manifest.lock",
			);
			name = "[CP] Check Pods Manifest.lock";
			outputFileListPaths = (
			);
			outputPaths = (
				"$(DERIVED_FILE_DIR)/Pods-GithubSearchListTests-checkManifestLockResult.txt",
			);
			runOnlyForDeploymentPostprocessing = 0;
			shellPath = /bin/sh;
			shellScript = "diff \"${PODS_PODFILE_DIR_PATH}/Podfile.lock\" \"${PODS_ROOT}/Manifest.lock\" > /dev/null\nif [ $? != 0 ] ; then\n    # print error to STDERR\n    echo \"error: The sandbox is not in sync with the Podfile.lock. Run 'pod install' or update your CocoaPods installation.\" >&2\n    exit 1\nfi\n# This output is used by Xcode 'outputs' to avoid re-running this script phase.\necho \"SUCCESS\" > \"${SCRIPT_OUTPUT_FILE_0}\"\n";
			showEnvVarsInLog = 0;
		};
		CDAE168BE064B709D1CAACE2 /* [CP] Embed Pods Frameworks */ = {
			isa = PBXShellScriptBuildPhase;
			buildActionMask = 2147483647;
			files = (
			);
			inputFileListPaths = (
				"${PODS_ROOT}/Target Support Files/Pods-GithubSearchList/Pods-GithubSearchList-frameworks-${CONFIGURATION}-input-files.xcfilelist",
			);
			name = "[CP] Embed Pods Frameworks";
			outputFileListPaths = (
				"${PODS_ROOT}/Target Support Files/Pods-GithubSearchList/Pods-GithubSearchList-frameworks-${CONFIGURATION}-output-files.xcfilelist",
			);
			runOnlyForDeploymentPostprocessing = 0;
			shellPath = /bin/sh;
			shellScript = "\"${PODS_ROOT}/Target Support Files/Pods-GithubSearchList/Pods-GithubSearchList-frameworks.sh\"\n";
			showEnvVarsInLog = 0;
		};
		DAC8B3D758BD3E6783F13033 /* [CP] Check Pods Manifest.lock */ = {
			isa = PBXShellScriptBuildPhase;
			buildActionMask = 2147483647;
			files = (
			);
			inputFileListPaths = (
			);
			inputPaths = (
				"${PODS_PODFILE_DIR_PATH}/Podfile.lock",
				"${PODS_ROOT}/Manifest.lock",
			);
			name = "[CP] Check Pods Manifest.lock";
			outputFileListPaths = (
			);
			outputPaths = (
				"$(DERIVED_FILE_DIR)/Pods-GithubSearchList-GithubSearchListUITests-checkManifestLockResult.txt",
			);
			runOnlyForDeploymentPostprocessing = 0;
			shellPath = /bin/sh;
			shellScript = "diff \"${PODS_PODFILE_DIR_PATH}/Podfile.lock\" \"${PODS_ROOT}/Manifest.lock\" > /dev/null\nif [ $? != 0 ] ; then\n    # print error to STDERR\n    echo \"error: The sandbox is not in sync with the Podfile.lock. Run 'pod install' or update your CocoaPods installation.\" >&2\n    exit 1\nfi\n# This output is used by Xcode 'outputs' to avoid re-running this script phase.\necho \"SUCCESS\" > \"${SCRIPT_OUTPUT_FILE_0}\"\n";
			showEnvVarsInLog = 0;
		};
/* End PBXShellScriptBuildPhase section */

/* Begin PBXSourcesBuildPhase section */
		166E4C9C26D77BFD0025EE25 /* Sources */ = {
			isa = PBXSourcesBuildPhase;
			buildActionMask = 2147483647;
			files = (
				166E4CDA26D7B2FE0025EE25 /* NetworkUtils.swift in Sources */,
				166E4CE426D7B52C0025EE25 /* SearchViewController.swift in Sources */,
				166E4CEC26D7BBDE0025EE25 /* NetworkAPI.swift in Sources */,
				166E4CE626D7B5390025EE25 /* SearchViewModel.swift in Sources */,
				166E4CE926D7B7090025EE25 /* Repository.swift in Sources */,
				166E4CD826D7B1320025EE25 /* NetworkService.swift in Sources */,
				166E4CA426D77BFD0025EE25 /* AppDelegate.swift in Sources */,
				166E4CDF26D7B3440025EE25 /* ObserverbleType+Compose.swift in Sources */,
				166E4CDD26D7B3330025EE25 /* ObservableType.swift in Sources */,
			);
			runOnlyForDeploymentPostprocessing = 0;
		};
		166E4CB226D77BFF0025EE25 /* Sources */ = {
			isa = PBXSourcesBuildPhase;
			buildActionMask = 2147483647;
			files = (
				166E4CBB26D77BFF0025EE25 /* GithubSearchListTests.swift in Sources */,
			);
			runOnlyForDeploymentPostprocessing = 0;
		};
		166E4CBD26D77BFF0025EE25 /* Sources */ = {
			isa = PBXSourcesBuildPhase;
			buildActionMask = 2147483647;
			files = (
				166E4CC626D77BFF0025EE25 /* GithubSearchListUITests.swift in Sources */,
			);
			runOnlyForDeploymentPostprocessing = 0;
		};
/* End PBXSourcesBuildPhase section */

/* Begin PBXTargetDependency section */
		166E4CB826D77BFF0025EE25 /* PBXTargetDependency */ = {
			isa = PBXTargetDependency;
			target = 166E4C9F26D77BFD0025EE25 /* GithubSearchList */;
			targetProxy = 166E4CB726D77BFF0025EE25 /* PBXContainerItemProxy */;
		};
		166E4CC326D77BFF0025EE25 /* PBXTargetDependency */ = {
			isa = PBXTargetDependency;
			target = 166E4C9F26D77BFD0025EE25 /* GithubSearchList */;
			targetProxy = 166E4CC226D77BFF0025EE25 /* PBXContainerItemProxy */;
		};
/* End PBXTargetDependency section */

/* Begin PBXVariantGroup section */
		166E4CA926D77BFD0025EE25 /* Main.storyboard */ = {
			isa = PBXVariantGroup;
			children = (
				166E4CAA26D77BFD0025EE25 /* Base */,
			);
			name = Main.storyboard;
			sourceTree = "<group>";
		};
		166E4CAE26D77BFE0025EE25 /* LaunchScreen.storyboard */ = {
			isa = PBXVariantGroup;
			children = (
				166E4CAF26D77BFE0025EE25 /* Base */,
			);
			name = LaunchScreen.storyboard;
			sourceTree = "<group>";
		};
/* End PBXVariantGroup section */

/* Begin XCBuildConfiguration section */
		166E4CC826D77BFF0025EE25 /* Debug */ = {
			isa = XCBuildConfiguration;
			buildSettings = {
				ALWAYS_SEARCH_USER_PATHS = NO;
				CLANG_ANALYZER_NONNULL = YES;
				CLANG_ANALYZER_NUMBER_OBJECT_CONVERSION = YES_AGGRESSIVE;
				CLANG_CXX_LANGUAGE_STANDARD = "gnu++14";
				CLANG_CXX_LIBRARY = "libc++";
				CLANG_ENABLE_MODULES = YES;
				CLANG_ENABLE_OBJC_ARC = YES;
				CLANG_ENABLE_OBJC_WEAK = YES;
				CLANG_WARN_BLOCK_CAPTURE_AUTORELEASING = YES;
				CLANG_WARN_BOOL_CONVERSION = YES;
				CLANG_WARN_COMMA = YES;
				CLANG_WARN_CONSTANT_CONVERSION = YES;
				CLANG_WARN_DEPRECATED_OBJC_IMPLEMENTATIONS = YES;
				CLANG_WARN_DIRECT_OBJC_ISA_USAGE = YES_ERROR;
				CLANG_WARN_DOCUMENTATION_COMMENTS = YES;
				CLANG_WARN_EMPTY_BODY = YES;
				CLANG_WARN_ENUM_CONVERSION = YES;
				CLANG_WARN_INFINITE_RECURSION = YES;
				CLANG_WARN_INT_CONVERSION = YES;
				CLANG_WARN_NON_LITERAL_NULL_CONVERSION = YES;
				CLANG_WARN_OBJC_IMPLICIT_RETAIN_SELF = YES;
				CLANG_WARN_OBJC_LITERAL_CONVERSION = YES;
				CLANG_WARN_OBJC_ROOT_CLASS = YES_ERROR;
				CLANG_WARN_QUOTED_INCLUDE_IN_FRAMEWORK_HEADER = YES;
				CLANG_WARN_RANGE_LOOP_ANALYSIS = YES;
				CLANG_WARN_STRICT_PROTOTYPES = YES;
				CLANG_WARN_SUSPICIOUS_MOVE = YES;
				CLANG_WARN_UNGUARDED_AVAILABILITY = YES_AGGRESSIVE;
				CLANG_WARN_UNREACHABLE_CODE = YES;
				CLANG_WARN__DUPLICATE_METHOD_MATCH = YES;
				COPY_PHASE_STRIP = NO;
				DEBUG_INFORMATION_FORMAT = dwarf;
				ENABLE_STRICT_OBJC_MSGSEND = YES;
				ENABLE_TESTABILITY = YES;
				GCC_C_LANGUAGE_STANDARD = gnu11;
				GCC_DYNAMIC_NO_PIC = NO;
				GCC_NO_COMMON_BLOCKS = YES;
				GCC_OPTIMIZATION_LEVEL = 0;
				GCC_PREPROCESSOR_DEFINITIONS = (
					"DEBUG=1",
					"$(inherited)",
				);
				GCC_WARN_64_TO_32_BIT_CONVERSION = YES;
				GCC_WARN_ABOUT_RETURN_TYPE = YES_ERROR;
				GCC_WARN_UNDECLARED_SELECTOR = YES;
				GCC_WARN_UNINITIALIZED_AUTOS = YES_AGGRESSIVE;
				GCC_WARN_UNUSED_FUNCTION = YES;
				GCC_WARN_UNUSED_VARIABLE = YES;
				IPHONEOS_DEPLOYMENT_TARGET = 11.0;
				MTL_ENABLE_DEBUG_INFO = INCLUDE_SOURCE;
				MTL_FAST_MATH = YES;
				ONLY_ACTIVE_ARCH = YES;
				SDKROOT = iphoneos;
				SWIFT_ACTIVE_COMPILATION_CONDITIONS = DEBUG;
				SWIFT_OPTIMIZATION_LEVEL = "-Onone";
			};
			name = Debug;
		};
		166E4CC926D77BFF0025EE25 /* Release */ = {
			isa = XCBuildConfiguration;
			buildSettings = {
				ALWAYS_SEARCH_USER_PATHS = NO;
				CLANG_ANALYZER_NONNULL = YES;
				CLANG_ANALYZER_NUMBER_OBJECT_CONVERSION = YES_AGGRESSIVE;
				CLANG_CXX_LANGUAGE_STANDARD = "gnu++14";
				CLANG_CXX_LIBRARY = "libc++";
				CLANG_ENABLE_MODULES = YES;
				CLANG_ENABLE_OBJC_ARC = YES;
				CLANG_ENABLE_OBJC_WEAK = YES;
				CLANG_WARN_BLOCK_CAPTURE_AUTORELEASING = YES;
				CLANG_WARN_BOOL_CONVERSION = YES;
				CLANG_WARN_COMMA = YES;
				CLANG_WARN_CONSTANT_CONVERSION = YES;
				CLANG_WARN_DEPRECATED_OBJC_IMPLEMENTATIONS = YES;
				CLANG_WARN_DIRECT_OBJC_ISA_USAGE = YES_ERROR;
				CLANG_WARN_DOCUMENTATION_COMMENTS = YES;
				CLANG_WARN_EMPTY_BODY = YES;
				CLANG_WARN_ENUM_CONVERSION = YES;
				CLANG_WARN_INFINITE_RECURSION = YES;
				CLANG_WARN_INT_CONVERSION = YES;
				CLANG_WARN_NON_LITERAL_NULL_CONVERSION = YES;
				CLANG_WARN_OBJC_IMPLICIT_RETAIN_SELF = YES;
				CLANG_WARN_OBJC_LITERAL_CONVERSION = YES;
				CLANG_WARN_OBJC_ROOT_CLASS = YES_ERROR;
				CLANG_WARN_QUOTED_INCLUDE_IN_FRAMEWORK_HEADER = YES;
				CLANG_WARN_RANGE_LOOP_ANALYSIS = YES;
				CLANG_WARN_STRICT_PROTOTYPES = YES;
				CLANG_WARN_SUSPICIOUS_MOVE = YES;
				CLANG_WARN_UNGUARDED_AVAILABILITY = YES_AGGRESSIVE;
				CLANG_WARN_UNREACHABLE_CODE = YES;
				CLANG_WARN__DUPLICATE_METHOD_MATCH = YES;
				COPY_PHASE_STRIP = NO;
				DEBUG_INFORMATION_FORMAT = "dwarf-with-dsym";
				ENABLE_NS_ASSERTIONS = NO;
				ENABLE_STRICT_OBJC_MSGSEND = YES;
				GCC_C_LANGUAGE_STANDARD = gnu11;
				GCC_NO_COMMON_BLOCKS = YES;
				GCC_WARN_64_TO_32_BIT_CONVERSION = YES;
				GCC_WARN_ABOUT_RETURN_TYPE = YES_ERROR;
				GCC_WARN_UNDECLARED_SELECTOR = YES;
				GCC_WARN_UNINITIALIZED_AUTOS = YES_AGGRESSIVE;
				GCC_WARN_UNUSED_FUNCTION = YES;
				GCC_WARN_UNUSED_VARIABLE = YES;
				IPHONEOS_DEPLOYMENT_TARGET = 11.0;
				MTL_ENABLE_DEBUG_INFO = NO;
				MTL_FAST_MATH = YES;
				SDKROOT = iphoneos;
				SWIFT_COMPILATION_MODE = wholemodule;
				SWIFT_OPTIMIZATION_LEVEL = "-O";
				VALIDATE_PRODUCT = YES;
			};
			name = Release;
		};
		166E4CCB26D77BFF0025EE25 /* Debug */ = {
			isa = XCBuildConfiguration;
			baseConfigurationReference = 76EC5028C4EAE344B634C4A9 /* Pods-GithubSearchList.debug.xcconfig */;
			buildSettings = {
				ASSETCATALOG_COMPILER_APPICON_NAME = AppIcon;
				ASSETCATALOG_COMPILER_GLOBAL_ACCENT_COLOR_NAME = AccentColor;
				CODE_SIGN_STYLE = Automatic;
				INFOPLIST_FILE = GithubSearchList/Info.plist;
				LD_RUNPATH_SEARCH_PATHS = (
					"$(inherited)",
					"@executable_path/Frameworks",
				);
				MARKETING_VERSION = 1.0.0;
				PRODUCT_BUNDLE_IDENTIFIER = com.jacob.GithubSearchList;
				PRODUCT_NAME = "$(TARGET_NAME)";
				SWIFT_VERSION = 5.0;
				TARGETED_DEVICE_FAMILY = "1,2";
			};
			name = Debug;
		};
		166E4CCC26D77BFF0025EE25 /* Release */ = {
			isa = XCBuildConfiguration;
			baseConfigurationReference = 9C29F529B83B3906EF789EF1 /* Pods-GithubSearchList.release.xcconfig */;
			buildSettings = {
				ASSETCATALOG_COMPILER_APPICON_NAME = AppIcon;
				ASSETCATALOG_COMPILER_GLOBAL_ACCENT_COLOR_NAME = AccentColor;
				CODE_SIGN_STYLE = Automatic;
				INFOPLIST_FILE = GithubSearchList/Info.plist;
				LD_RUNPATH_SEARCH_PATHS = (
					"$(inherited)",
					"@executable_path/Frameworks",
				);
				MARKETING_VERSION = 1.0.0;
				PRODUCT_BUNDLE_IDENTIFIER = com.jacob.GithubSearchList;
				PRODUCT_NAME = "$(TARGET_NAME)";
				SWIFT_VERSION = 5.0;
				TARGETED_DEVICE_FAMILY = "1,2";
			};
			name = Release;
		};
		166E4CCE26D77BFF0025EE25 /* Debug */ = {
			isa = XCBuildConfiguration;
			baseConfigurationReference = DB63A7A0DDF482869C6DC39E /* Pods-GithubSearchListTests.debug.xcconfig */;
			buildSettings = {
				ALWAYS_EMBED_SWIFT_STANDARD_LIBRARIES = YES;
				BUNDLE_LOADER = "$(TEST_HOST)";
				CODE_SIGN_STYLE = Automatic;
				INFOPLIST_FILE = GithubSearchListTests/Info.plist;
				IPHONEOS_DEPLOYMENT_TARGET = 14.5;
				LD_RUNPATH_SEARCH_PATHS = (
					"$(inherited)",
					"@executable_path/Frameworks",
					"@loader_path/Frameworks",
				);
				PRODUCT_BUNDLE_IDENTIFIER = com.jacob.GithubSearchListTests;
				PRODUCT_NAME = "$(TARGET_NAME)";
				SWIFT_VERSION = 5.0;
				TARGETED_DEVICE_FAMILY = "1,2";
				TEST_HOST = "$(BUILT_PRODUCTS_DIR)/GithubSearchList.app/GithubSearchList";
			};
			name = Debug;
		};
		166E4CCF26D77BFF0025EE25 /* Release */ = {
			isa = XCBuildConfiguration;
			baseConfigurationReference = 0224C091BA2A773E240EDC1F /* Pods-GithubSearchListTests.release.xcconfig */;
			buildSettings = {
				ALWAYS_EMBED_SWIFT_STANDARD_LIBRARIES = YES;
				BUNDLE_LOADER = "$(TEST_HOST)";
				CODE_SIGN_STYLE = Automatic;
				INFOPLIST_FILE = GithubSearchListTests/Info.plist;
				IPHONEOS_DEPLOYMENT_TARGET = 14.5;
				LD_RUNPATH_SEARCH_PATHS = (
					"$(inherited)",
					"@executable_path/Frameworks",
					"@loader_path/Frameworks",
				);
				PRODUCT_BUNDLE_IDENTIFIER = com.jacob.GithubSearchListTests;
				PRODUCT_NAME = "$(TARGET_NAME)";
				SWIFT_VERSION = 5.0;
				TARGETED_DEVICE_FAMILY = "1,2";
				TEST_HOST = "$(BUILT_PRODUCTS_DIR)/GithubSearchList.app/GithubSearchList";
			};
			name = Release;
		};
		166E4CD126D77BFF0025EE25 /* Debug */ = {
			isa = XCBuildConfiguration;
			baseConfigurationReference = EBCDD81F3EA0B72F5FCC5402 /* Pods-GithubSearchList-GithubSearchListUITests.debug.xcconfig */;
			buildSettings = {
				ALWAYS_EMBED_SWIFT_STANDARD_LIBRARIES = YES;
				CODE_SIGN_STYLE = Automatic;
				INFOPLIST_FILE = GithubSearchListUITests/Info.plist;
				LD_RUNPATH_SEARCH_PATHS = (
					"$(inherited)",
					"@executable_path/Frameworks",
					"@loader_path/Frameworks",
				);
				PRODUCT_BUNDLE_IDENTIFIER = com.jacob.GithubSearchListUITests;
				PRODUCT_NAME = "$(TARGET_NAME)";
				SWIFT_VERSION = 5.0;
				TARGETED_DEVICE_FAMILY = "1,2";
				TEST_TARGET_NAME = GithubSearchList;
			};
			name = Debug;
		};
		166E4CD226D77BFF0025EE25 /* Release */ = {
			isa = XCBuildConfiguration;
			baseConfigurationReference = 76BC3AECE2A8B49A5AAEABDA /* Pods-GithubSearchList-GithubSearchListUITests.release.xcconfig */;
			buildSettings = {
				ALWAYS_EMBED_SWIFT_STANDARD_LIBRARIES = YES;
				CODE_SIGN_STYLE = Automatic;
				INFOPLIST_FILE = GithubSearchListUITests/Info.plist;
				LD_RUNPATH_SEARCH_PATHS = (
					"$(inherited)",
					"@executable_path/Frameworks",
					"@loader_path/Frameworks",
				);
				PRODUCT_BUNDLE_IDENTIFIER = com.jacob.GithubSearchListUITests;
				PRODUCT_NAME = "$(TARGET_NAME)";
				SWIFT_VERSION = 5.0;
				TARGETED_DEVICE_FAMILY = "1,2";
				TEST_TARGET_NAME = GithubSearchList;
			};
			name = Release;
		};
/* End XCBuildConfiguration section */

/* Begin XCConfigurationList section */
		166E4C9B26D77BFD0025EE25 /* Build configuration list for PBXProject "GithubSearchList" */ = {
			isa = XCConfigurationList;
			buildConfigurations = (
				166E4CC826D77BFF0025EE25 /* Debug */,
				166E4CC926D77BFF0025EE25 /* Release */,
			);
			defaultConfigurationIsVisible = 0;
			defaultConfigurationName = Release;
		};
		166E4CCA26D77BFF0025EE25 /* Build configuration list for PBXNativeTarget "GithubSearchList" */ = {
			isa = XCConfigurationList;
			buildConfigurations = (
				166E4CCB26D77BFF0025EE25 /* Debug */,
				166E4CCC26D77BFF0025EE25 /* Release */,
			);
			defaultConfigurationIsVisible = 0;
			defaultConfigurationName = Release;
		};
		166E4CCD26D77BFF0025EE25 /* Build configuration list for PBXNativeTarget "GithubSearchListTests" */ = {
			isa = XCConfigurationList;
			buildConfigurations = (
				166E4CCE26D77BFF0025EE25 /* Debug */,
				166E4CCF26D77BFF0025EE25 /* Release */,
			);
			defaultConfigurationIsVisible = 0;
			defaultConfigurationName = Release;
		};
		166E4CD026D77BFF0025EE25 /* Build configuration list for PBXNativeTarget "GithubSearchListUITests" */ = {
			isa = XCConfigurationList;
			buildConfigurations = (
				166E4CD126D77BFF0025EE25 /* Debug */,
				166E4CD226D77BFF0025EE25 /* Release */,
			);
			defaultConfigurationIsVisible = 0;
			defaultConfigurationName = Release;
		};
/* End XCConfigurationList section */
	};
	rootObject = 166E4C9826D77BFD0025EE25 /* Project object */;
}
